
Microsoft Visual Studio Solution File, Format Version 12.00
# Visual Studio Version 17
VisualStudioVersion = 17.4.33205.214
MinimumVisualStudioVersion = 10.0.40219.1
Project("{FAE04EC0-301F-11D3-BF4B-00C04F79EFBC}") = "AppViewYoutube", "AppViewYoutube\AppViewYoutube.csproj", "{1C711BBF-03BE-474A-A900-E8D29DD7D01E}"
EndProject
Global
	GlobalSection(SolutionConfigurationPlatforms) = preSolution
		Debug|Any CPU = Debug|Any CPU
		Release|Any CPU = Release|Any CPU
	EndGlobalSection
	GlobalSection(ProjectConfigurationPlatforms) = postSolution
		{1C711BBF-03BE-474A-A900-E8D29DD7D01E}.Debug|Any CPU.ActiveCfg = Debug|Any CPU
		{1C711BBF-03BE-474A-A900-E8D29DD7D01E}.Debug|Any CPU.Build.0 = Debug|Any CPU
		{1C711BBF-03BE-474A-A900-E8D29DD7D01E}.Release|Any CPU.ActiveCfg = Release|Any CPU
		{1C711BBF-03BE-474A-A900-E8D29DD7D01E}.Release|Any CPU.Build.0 = Release|Any CPU
	EndGlobalSection
	GlobalSection(SolutionProperties) = preSolution
		HideSolutionNode = FALSE
	EndGlobalSection
	GlobalSection(ExtensibilityGlobals) = postSolution
		SolutionGuid = {B198912D-7ADC-4A6A-9F11-89343D899CED}
	EndGlobalSection
EndGlobal
